// !$*UTF8*$!
{
	archiveVersion = 1;
	classes = {
	};
	objectVersion = 46;
	objects = {

/* Begin PBXBuildFile section */
		471F01C11F00FA5A00034C89 /* AppDelegate.m in Sources */ = {isa = PBXBuildFile; fileRef = 471F01C01F00FA5A00034C89 /* AppDelegate.m */; };
		471F01C41F00FA5A00034C89 /* main.m in Sources */ = {isa = PBXBuildFile; fileRef = 471F01C31F00FA5A00034C89 /* main.m */; };
		471F01C71F00FA5A00034C89 /* ViewController.m in Sources */ = {isa = PBXBuildFile; fileRef = 471F01C61F00FA5A00034C89 /* ViewController.m */; };
		471F01C91F00FA5A00034C89 /* Assets.xcassets in Resources */ = {isa = PBXBuildFile; fileRef = 471F01C81F00FA5A00034C89 /* Assets.xcassets */; };
		471F01CC1F00FA5A00034C89 /* Main.storyboard in Resources */ = {isa = PBXBuildFile; fileRef = 471F01CA1F00FA5A00034C89 /* Main.storyboard */; };
		471F01DA1F00FCDB00034C89 /* Cocoa.framework in Frameworks */ = {isa = PBXBuildFile; fileRef = 471F01D91F00FCDB00034C89 /* Cocoa.framework */; };
		471F01E01F00FCDB00034C89 /* SourceEditorExtension.m in Sources */ = {isa = PBXBuildFile; fileRef = 471F01DF1F00FCDB00034C89 /* SourceEditorExtension.m */; };
		471F01E31F00FCDB00034C89 /* SourceEditorCommand.m in Sources */ = {isa = PBXBuildFile; fileRef = 471F01E21F00FCDB00034C89 /* SourceEditorCommand.m */; };
		471F01E71F00FCDB00034C89 /* AutoImport.appex in Embed App Extensions */ = {isa = PBXBuildFile; fileRef = 471F01D71F00FCDB00034C89 /* AutoImport.appex */; settings = {ATTRIBUTES = (RemoveHeadersOnCopy, ); }; };
/* End PBXBuildFile section */

/* Begin PBXContainerItemProxy section */
		471F01E51F00FCDB00034C89 /* PBXContainerItemProxy */ = {
			isa = PBXContainerItemProxy;
			containerPortal = 471F01B41F00FA5A00034C89 /* Project object */;
			proxyType = 1;
			remoteGlobalIDString = 471F01D61F00FCDB00034C89;
			remoteInfo = AutoImport;
		};
/* End PBXContainerItemProxy section */

/* Begin PBXCopyFilesBuildPhase section */
		471F01EB1F00FCDB00034C89 /* Embed App Extensions */ = {
			isa = PBXCopyFilesBuildPhase;
			buildActionMask = 2147483647;
			dstPath = "";
			dstSubfolderSpec = 13;
			files = (
				471F01E71F00FCDB00034C89 /* AutoImport.appex in Embed App Extensions */,
			);
			name = "Embed App Extensions";
			runOnlyForDeploymentPostprocessing = 0;
		};
/* End PBXCopyFilesBuildPhase section */

/* Begin PBXFileReference section */
		471F01BC1F00FA5A00034C89 /* AutoImportPlugin.app */ = {isa = PBXFileReference; explicitFileType = wrapper.application; includeInIndex = 0; path = AutoImportPlugin.app; sourceTree = BUILT_PRODUCTS_DIR; };
		471F01BF1F00FA5A00034C89 /* AppDelegate.h */ = {isa = PBXFileReference; lastKnownFileType = sourcecode.c.h; path = AppDelegate.h; sourceTree = "<group>"; };
		471F01C01F00FA5A00034C89 /* AppDelegate.m */ = {isa = PBXFileReference; lastKnownFileType = sourcecode.c.objc; path = AppDelegate.m; sourceTree = "<group>"; };
		471F01C31F00FA5A00034C89 /* main.m */ = {isa = PBXFileReference; lastKnownFileType = sourcecode.c.objc; path = main.m; sourceTree = "<group>"; };
		471F01C51F00FA5A00034C89 /* ViewController.h */ = {isa = PBXFileReference; lastKnownFileType = sourcecode.c.h; path = ViewController.h; sourceTree = "<group>"; };
		471F01C61F00FA5A00034C89 /* ViewController.m */ = {isa = PBXFileReference; lastKnownFileType = sourcecode.c.objc; path = ViewController.m; sourceTree = "<group>"; };
		471F01C81F00FA5A00034C89 /* Assets.xcassets */ = {isa = PBXFileReference; lastKnownFileType = folder.assetcatalog; path = Assets.xcassets; sourceTree = "<group>"; };
		471F01CB1F00FA5A00034C89 /* Base */ = {isa = PBXFileReference; lastKnownFileType = file.storyboard; name = Base; path = Base.lproj/Main.storyboard; sourceTree = "<group>"; };
		471F01CD1F00FA5A00034C89 /* Info.plist */ = {isa = PBXFileReference; lastKnownFileType = text.plist.xml; path = Info.plist; sourceTree = "<group>"; };
		471F01D71F00FCDB00034C89 /* AutoImport.appex */ = {isa = PBXFileReference; explicitFileType = "wrapper.app-extension"; includeInIndex = 0; path = AutoImport.appex; sourceTree = BUILT_PRODUCTS_DIR; };
		471F01D91F00FCDB00034C89 /* Cocoa.framework */ = {isa = PBXFileReference; lastKnownFileType = wrapper.framework; name = Cocoa.framework; path = System/Library/Frameworks/Cocoa.framework; sourceTree = SDKROOT; };
		471F01DD1F00FCDB00034C89 /* AutoImport.entitlements */ = {isa = PBXFileReference; lastKnownFileType = text.plist.entitlements; path = AutoImport.entitlements; sourceTree = "<group>"; };
		471F01DE1F00FCDB00034C89 /* SourceEditorExtension.h */ = {isa = PBXFileReference; lastKnownFileType = sourcecode.c.h; path = SourceEditorExtension.h; sourceTree = "<group>"; };
		471F01DF1F00FCDB00034C89 /* SourceEditorExtension.m */ = {isa = PBXFileReference; lastKnownFileType = sourcecode.c.objc; path = SourceEditorExtension.m; sourceTree = "<group>"; };
		471F01E11F00FCDB00034C89 /* SourceEditorCommand.h */ = {isa = PBXFileReference; lastKnownFileType = sourcecode.c.h; path = SourceEditorCommand.h; sourceTree = "<group>"; };
		471F01E21F00FCDB00034C89 /* SourceEditorCommand.m */ = {isa = PBXFileReference; lastKnownFileType = sourcecode.c.objc; path = SourceEditorCommand.m; sourceTree = "<group>"; };
		471F01E41F00FCDB00034C89 /* Info.plist */ = {isa = PBXFileReference; lastKnownFileType = text.plist.xml; path = Info.plist; sourceTree = "<group>"; };
/* End PBXFileReference section */

/* Begin PBXFrameworksBuildPhase section */
		471F01B91F00FA5A00034C89 /* Frameworks */ = {
			isa = PBXFrameworksBuildPhase;
			buildActionMask = 2147483647;
			files = (
			);
			runOnlyForDeploymentPostprocessing = 0;
		};
		471F01D41F00FCDB00034C89 /* Frameworks */ = {
			isa = PBXFrameworksBuildPhase;
			buildActionMask = 2147483647;
			files = (
				471F01DA1F00FCDB00034C89 /* Cocoa.framework in Frameworks */,
			);
			runOnlyForDeploymentPostprocessing = 0;
		};
/* End PBXFrameworksBuildPhase section */

/* Begin PBXGroup section */
		471F01B31F00FA5A00034C89 = {
			isa = PBXGroup;
			children = (
				471F01BE1F00FA5A00034C89 /* AutoImportPlugin */,
				471F01DB1F00FCDB00034C89 /* AutoImport */,
				471F01D81F00FCDB00034C89 /* Frameworks */,
				471F01BD1F00FA5A00034C89 /* Products */,
			);
			sourceTree = "<group>";
		};
		471F01BD1F00FA5A00034C89 /* Products */ = {
			isa = PBXGroup;
			children = (
				471F01BC1F00FA5A00034C89 /* AutoImportPlugin.app */,
				471F01D71F00FCDB00034C89 /* AutoImport.appex */,
			);
			name = Products;
			sourceTree = "<group>";
		};
		471F01BE1F00FA5A00034C89 /* AutoImportPlugin */ = {
			isa = PBXGroup;
			children = (
				471F01BF1F00FA5A00034C89 /* AppDelegate.h */,
				471F01C01F00FA5A00034C89 /* AppDelegate.m */,
				471F01C51F00FA5A00034C89 /* ViewController.h */,
				471F01C61F00FA5A00034C89 /* ViewController.m */,
				471F01C81F00FA5A00034C89 /* Assets.xcassets */,
				471F01CA1F00FA5A00034C89 /* Main.storyboard */,
				471F01CD1F00FA5A00034C89 /* Info.plist */,
				471F01C21F00FA5A00034C89 /* Supporting Files */,
			);
			path = AutoImportPlugin;
			sourceTree = "<group>";
		};
		471F01C21F00FA5A00034C89 /* Supporting Files */ = {
			isa = PBXGroup;
			children = (
				471F01C31F00FA5A00034C89 /* main.m */,
			);
			name = "Supporting Files";
			sourceTree = "<group>";
		};
		471F01D81F00FCDB00034C89 /* Frameworks */ = {
			isa = PBXGroup;
			children = (
				471F01D91F00FCDB00034C89 /* Cocoa.framework */,
			);
			name = Frameworks;
			sourceTree = "<group>";
		};
		471F01DB1F00FCDB00034C89 /* AutoImport */ = {
			isa = PBXGroup;
			children = (
				471F01DE1F00FCDB00034C89 /* SourceEditorExtension.h */,
				471F01DF1F00FCDB00034C89 /* SourceEditorExtension.m */,
				471F01E11F00FCDB00034C89 /* SourceEditorCommand.h */,
				471F01E21F00FCDB00034C89 /* SourceEditorCommand.m */,
				471F01E41F00FCDB00034C89 /* Info.plist */,
				471F01DC1F00FCDB00034C89 /* Supporting Files */,
			);
			path = AutoImport;
			sourceTree = "<group>";
		};
		471F01DC1F00FCDB00034C89 /* Supporting Files */ = {
			isa = PBXGroup;
			children = (
				471F01DD1F00FCDB00034C89 /* AutoImport.entitlements */,
			);
			name = "Supporting Files";
			sourceTree = "<group>";
		};
/* End PBXGroup section */

/* Begin PBXNativeTarget section */
		471F01BB1F00FA5A00034C89 /* AutoImportPlugin */ = {
			isa = PBXNativeTarget;
			buildConfigurationList = 471F01D01F00FA5A00034C89 /* Build configuration list for PBXNativeTarget "AutoImportPlugin" */;
			buildPhases = (
				471F01B81F00FA5A00034C89 /* Sources */,
				471F01B91F00FA5A00034C89 /* Frameworks */,
				471F01BA1F00FA5A00034C89 /* Resources */,
				471F01EB1F00FCDB00034C89 /* Embed App Extensions */,
			);
			buildRules = (
			);
			dependencies = (
				471F01E61F00FCDB00034C89 /* PBXTargetDependency */,
			);
			name = AutoImportPlugin;
			productName = AutoImportPlugin;
			productReference = 471F01BC1F00FA5A00034C89 /* AutoImportPlugin.app */;
			productType = "com.apple.product-type.application";
		};
		471F01D61F00FCDB00034C89 /* AutoImport */ = {
			isa = PBXNativeTarget;
			buildConfigurationList = 471F01E81F00FCDB00034C89 /* Build configuration list for PBXNativeTarget "AutoImport" */;
			buildPhases = (
				471F01D31F00FCDB00034C89 /* Sources */,
				471F01D41F00FCDB00034C89 /* Frameworks */,
				471F01D51F00FCDB00034C89 /* Resources */,
			);
			buildRules = (
			);
			dependencies = (
			);
			name = AutoImport;
			productName = AutoImport;
			productReference = 471F01D71F00FCDB00034C89 /* AutoImport.appex */;
			productType = "com.apple.product-type.xcode-extension";
		};
/* End PBXNativeTarget section */

/* Begin PBXProject section */
		471F01B41F00FA5A00034C89 /* Project object */ = {
			isa = PBXProject;
			attributes = {
				LastUpgradeCheck = 0830;
				ORGANIZATIONNAME = HChong;
				TargetAttributes = {
					471F01BB1F00FA5A00034C89 = {
						CreatedOnToolsVersion = 8.3;
						DevelopmentTeam = 73TY8N98GF;
						ProvisioningStyle = Automatic;
					};
					471F01D61F00FCDB00034C89 = {
						CreatedOnToolsVersion = 8.3;
						DevelopmentTeam = 73TY8N98GF;
						ProvisioningStyle = Automatic;
					};
				};
			};
			buildConfigurationList = 471F01B71F00FA5A00034C89 /* Build configuration list for PBXProject "AutoImportPlugin" */;
			compatibilityVersion = "Xcode 3.2";
			developmentRegion = English;
			hasScannedForEncodings = 0;
			knownRegions = (
				en,
				Base,
			);
			mainGroup = 471F01B31F00FA5A00034C89;
			productRefGroup = 471F01BD1F00FA5A00034C89 /* Products */;
			projectDirPath = "";
			projectRoot = "";
			targets = (
				471F01BB1F00FA5A00034C89 /* AutoImportPlugin */,
				471F01D61F00FCDB00034C89 /* AutoImport */,
			);
		};
/* End PBXProject section */

/* Begin PBXResourcesBuildPhase section */
		471F01BA1F00FA5A00034C89 /* Resources */ = {
			isa = PBXResourcesBuildPhase;
			buildActionMask = 2147483647;
			files = (
				471F01C91F00FA5A00034C89 /* Assets.xcassets in Resources */,
				471F01CC1F00FA5A00034C89 /* Main.storyboard in Resources */,
			);
			runOnlyForDeploymentPostprocessing = 0;
		};
		471F01D51F00FCDB00034C89 /* Resources */ = {
			isa = PBXResourcesBuildPhase;
			buildActionMask = 2147483647;
			files = (
			);
			runOnlyForDeploymentPostprocessing = 0;
		};
/* End PBXResourcesBuildPhase section */

/* Begin PBXSourcesBuildPhase section */
		471F01B81F00FA5A00034C89 /* Sources */ = {
			isa = PBXSourcesBuildPhase;
			buildActionMask = 2147483647;
			files = (
				471F01C71F00FA5A00034C89 /* ViewController.m in Sources */,
				471F01C41F00FA5A00034C89 /* main.m in Sources */,
				471F01C11F00FA5A00034C89 /* AppDelegate.m in Sources */,
			);
			runOnlyForDeploymentPostprocessing = 0;
		};
		471F01D31F00FCDB00034C89 /* Sources */ = {
			isa = PBXSourcesBuildPhase;
			buildActionMask = 2147483647;
			files = (
				471F01E01F00FCDB00034C89 /* SourceEditorExtension.m in Sources */,
				471F01E31F00FCDB00034C89 /* SourceEditorCommand.m in Sources */,
			);
			runOnlyForDeploymentPostprocessing = 0;
		};
/* End PBXSourcesBuildPhase section */

/* Begin PBXTargetDependency section */
		471F01E61F00FCDB00034C89 /* PBXTargetDependency */ = {
			isa = PBXTargetDependency;
			target = 471F01D61F00FCDB00034C89 /* AutoImport */;
			targetProxy = 471F01E51F00FCDB00034C89 /* PBXContainerItemProxy */;
		};
/* End PBXTargetDependency section */

/* Begin PBXVariantGroup section */
		471F01CA1F00FA5A00034C89 /* Main.storyboard */ = {
			isa = PBXVariantGroup;
			children = (
				471F01CB1F00FA5A00034C89 /* Base */,
			);
			name = Main.storyboard;
			sourceTree = "<group>";
		};
/* End PBXVariantGroup section */

/* Begin XCBuildConfiguration section */
		471F01CE1F00FA5A00034C89 /* Debug */ = {
			isa = XCBuildConfiguration;
			buildSettings = {
				ALWAYS_SEARCH_USER_PATHS = NO;
				CLANG_ANALYZER_NONNULL = YES;
				CLANG_ANALYZER_NUMBER_OBJECT_CONVERSION = YES_AGGRESSIVE;
				CLANG_CXX_LANGUAGE_STANDARD = "gnu++0x";
				CLANG_CXX_LIBRARY = "libc++";
				CLANG_ENABLE_MODULES = YES;
				CLANG_ENABLE_OBJC_ARC = YES;
				CLANG_WARN_BOOL_CONVERSION = YES;
				CLANG_WARN_CONSTANT_CONVERSION = YES;
				CLANG_WARN_DIRECT_OBJC_ISA_USAGE = YES_ERROR;
				CLANG_WARN_DOCUMENTATION_COMMENTS = YES;
				CLANG_WARN_EMPTY_BODY = YES;
				CLANG_WARN_ENUM_CONVERSION = YES;
				CLANG_WARN_INFINITE_RECURSION = YES;
				CLANG_WARN_INT_CONVERSION = YES;
				CLANG_WARN_OBJC_ROOT_CLASS = YES_ERROR;
				CLANG_WARN_SUSPICIOUS_MOVE = YES;
				CLANG_WARN_UNREACHABLE_CODE = YES;
				CLANG_WARN__DUPLICATE_METHOD_MATCH = YES;
				CODE_SIGN_IDENTITY = "-";
				COPY_PHASE_STRIP = NO;
				DEBUG_INFORMATION_FORMAT = dwarf;
				ENABLE_STRICT_OBJC_MSGSEND = YES;
				ENABLE_TESTABILITY = YES;
				GCC_C_LANGUAGE_STANDARD = gnu99;
				GCC_DYNAMIC_NO_PIC = NO;
				GCC_NO_COMMON_BLOCKS = YES;
				GCC_OPTIMIZATION_LEVEL = 0;
				GCC_PREPROCESSOR_DEFINITIONS = (
					"DEBUG=1",
					"$(inherited)",
				);
				GCC_WARN_64_TO_32_BIT_CONVERSION = YES;
				GCC_WARN_ABOUT_RETURN_TYPE = YES_ERROR;
				GCC_WARN_UNDECLARED_SELECTOR = YES;
				GCC_WARN_UNINITIALIZED_AUTOS = YES_AGGRESSIVE;
				GCC_WARN_UNUSED_FUNCTION = YES;
				GCC_WARN_UNUSED_VARIABLE = YES;
				MACOSX_DEPLOYMENT_TARGET = 10.12;
				MTL_ENABLE_DEBUG_INFO = YES;
				ONLY_ACTIVE_ARCH = YES;
				SDKROOT = macosx;
			};
			name = Debug;
		};
		471F01CF1F00FA5A00034C89 /* Release */ = {
			isa = XCBuildConfiguration;
			buildSettings = {
				ALWAYS_SEARCH_USER_PATHS = NO;
				CLANG_ANALYZER_NONNULL = YES;
				CLANG_ANALYZER_NUMBER_OBJECT_CONVERSION = YES_AGGRESSIVE;
				CLANG_CXX_LANGUAGE_STANDARD = "gnu++0x";
				CLANG_CXX_LIBRARY = "libc++";
				CLANG_ENABLE_MODULES = YES;
				CLANG_ENABLE_OBJC_ARC = YES;
				CLANG_WARN_BOOL_CONVERSION = YES;
				CLANG_WARN_CONSTANT_CONVERSION = YES;
				CLANG_WARN_DIRECT_OBJC_ISA_USAGE = YES_ERROR;
				CLANG_WARN_DOCUMENTATION_COMMENTS = YES;
				CLANG_WARN_EMPTY_BODY = YES;
				CLANG_WARN_ENUM_CONVERSION = YES;
				CLANG_WARN_INFINITE_RECURSION = YES;
				CLANG_WARN_INT_CONVERSION = YES;
				CLANG_WARN_OBJC_ROOT_CLASS = YES_ERROR;
				CLANG_WARN_SUSPICIOUS_MOVE = YES;
				CLANG_WARN_UNREACHABLE_CODE = YES;
				CLANG_WARN__DUPLICATE_METHOD_MATCH = YES;
				CODE_SIGN_IDENTITY = "-";
				COPY_PHASE_STRIP = NO;
				DEBUG_INFORMATION_FORMAT = "dwarf-with-dsym";
				ENABLE_NS_ASSERTIONS = NO;
				ENABLE_STRICT_OBJC_MSGSEND = YES;
				GCC_C_LANGUAGE_STANDARD = gnu99;
				GCC_NO_COMMON_BLOCKS = YES;
				GCC_WARN_64_TO_32_BIT_CONVERSION = YES;
				GCC_WARN_ABOUT_RETURN_TYPE = YES_ERROR;
				GCC_WARN_UNDECLARED_SELECTOR = YES;
				GCC_WARN_UNINITIALIZED_AUTOS = YES_AGGRESSIVE;
				GCC_WARN_UNUSED_FUNCTION = YES;
				GCC_WARN_UNUSED_VARIABLE = YES;
				MACOSX_DEPLOYMENT_TARGET = 10.12;
				MTL_ENABLE_DEBUG_INFO = NO;
				SDKROOT = macosx;
			};
			name = Release;
		};
		471F01D11F00FA5A00034C89 /* Debug */ = {
			isa = XCBuildConfiguration;
			buildSettings = {
				ASSETCATALOG_COMPILER_APPICON_NAME = AppIcon;
				CODE_SIGN_IDENTITY = "Mac Developer";
				COMBINE_HIDPI_IMAGES = YES;
				DEVELOPMENT_TEAM = 73TY8N98GF;
				INFOPLIST_FILE = AutoImportPlugin/Info.plist;
				LD_RUNPATH_SEARCH_PATHS = "$(inherited) @executable_path/../Frameworks";
				MACOSX_DEPLOYMENT_TARGET = 10.12;
				PRODUCT_BUNDLE_IDENTIFIER = com.HC.AutoImportPlugin;
				PRODUCT_NAME = "$(TARGET_NAME)";
				PROVISIONING_PROFILE_SPECIFIER = "";
			};
			name = Debug;
		};
		471F01D21F00FA5A00034C89 /* Release */ = {
			isa = XCBuildConfiguration;
			buildSettings = {
				ASSETCATALOG_COMPILER_APPICON_NAME = AppIcon;
				CODE_SIGN_IDENTITY = "Mac Developer";
				COMBINE_HIDPI_IMAGES = YES;
				DEVELOPMENT_TEAM = 73TY8N98GF;
				INFOPLIST_FILE = AutoImportPlugin/Info.plist;
				LD_RUNPATH_SEARCH_PATHS = "$(inherited) @executable_path/../Frameworks";
				MACOSX_DEPLOYMENT_TARGET = 10.12;
				PRODUCT_BUNDLE_IDENTIFIER = com.HC.AutoImportPlugin;
				PRODUCT_NAME = "$(TARGET_NAME)";
				PROVISIONING_PROFILE_SPECIFIER = "";
			};
			name = Release;
		};
		471F01E91F00FCDB00034C89 /* Debug */ = {
			isa = XCBuildConfiguration;
			buildSettings = {
				CODE_SIGN_ENTITLEMENTS = AutoImport/AutoImport.entitlements;
				CODE_SIGN_IDENTITY = "Mac Developer";
				COMBINE_HIDPI_IMAGES = YES;
				DEVELOPMENT_TEAM = 73TY8N98GF;
				INFOPLIST_FILE = AutoImport/Info.plist;
				LD_RUNPATH_SEARCH_PATHS = "$(inherited) @executable_path/../Frameworks @executable_path/../../../../Frameworks";
				MACOSX_DEPLOYMENT_TARGET = 10.12;
				PRODUCT_BUNDLE_IDENTIFIER = com.HC.AutoImportPlugin.AutoImport;
				PRODUCT_NAME = "$(TARGET_NAME)";
				PROVISIONING_PROFILE_SPECIFIER = "";
				SKIP_INSTALL = YES;
			};
			name = Debug;
		};
		471F01EA1F00FCDB00034C89 /* Release */ = {
			isa = XCBuildConfiguration;
			buildSettings = {
				CODE_SIGN_ENTITLEMENTS = AutoImport/AutoImport.entitlements;
				CODE_SIGN_IDENTITY = "Mac Developer";
				COMBINE_HIDPI_IMAGES = YES;
				DEVELOPMENT_TEAM = 73TY8N98GF;
				INFOPLIST_FILE = AutoImport/Info.plist;
				LD_RUNPATH_SEARCH_PATHS = "$(inherited) @executable_path/../Frameworks @executable_path/../../../../Frameworks";
				MACOSX_DEPLOYMENT_TARGET = 10.12;
				PRODUCT_BUNDLE_IDENTIFIER = com.HC.AutoImportPlugin.AutoImport;
				PRODUCT_NAME = "$(TARGET_NAME)";
				PROVISIONING_PROFILE_SPECIFIER = "";
				SKIP_INSTALL = YES;
			};
			name = Release;
		};
/* End XCBuildConfiguration section */

/* Begin XCConfigurationList section */
		471F01B71F00FA5A00034C89 /* Build configuration list for PBXProject "AutoImportPlugin" */ = {
			isa = XCConfigurationList;
			buildConfigurations = (
				471F01CE1F00FA5A00034C89 /* Debug */,
				471F01CF1F00FA5A00034C89 /* Release */,
			);
			defaultConfigurationIsVisible = 0;
			defaultConfigurationName = Release;
		};
		471F01D01F00FA5A00034C89 /* Build configuration list for PBXNativeTarget "AutoImportPlugin" */ = {
			isa = XCConfigurationList;
			buildConfigurations = (
				471F01D11F00FA5A00034C89 /* Debug */,
				471F01D21F00FA5A00034C89 /* Release */,
			);
			defaultConfigurationIsVisible = 0;
		};
		471F01E81F00FCDB00034C89 /* Build configuration list for PBXNativeTarget "AutoImport" */ = {
			isa = XCConfigurationList;
			buildConfigurations = (
				471F01E91F00FCDB00034C89 /* Debug */,
				471F01EA1F00FCDB00034C89 /* Release */,
			);
			defaultConfigurationIsVisible = 0;
		};
/* End XCConfigurationList section */
	};
	rootObject = 471F01B41F00FA5A00034C89 /* Project object */;
}
